
Microsoft Visual Studio Solution File, Format Version 12.00
# Visual Studio Version 17
VisualStudioVersion = 17.10.35013.160
MinimumVisualStudioVersion = 10.0.40219.1
Project("{FAE04EC0-301F-11D3-BF4B-00C04F79EFBC}") = "VirtualIntegrationApp", "VirtualIntegrationApp\VirtualIntegrationApp.csproj", "{F257EFE3-93A9-43C9-AB1B-F8729453CE98}"
EndProject
Global
	GlobalSection(SolutionConfigurationPlatforms) = preSolution
		Debug|Any CPU = Debug|Any CPU
		Release|Any CPU = Release|Any CPU
	EndGlobalSection
	GlobalSection(ProjectConfigurationPlatforms) = postSolution
		{F257EFE3-93A9-43C9-AB1B-F8729453CE98}.Debug|Any CPU.ActiveCfg = Debug|Any CPU
		{F257EFE3-93A9-43C9-AB1B-F8729453CE98}.Debug|Any CPU.Build.0 = Debug|Any CPU
		{F257EFE3-93A9-43C9-AB1B-F8729453CE98}.Release|Any CPU.ActiveCfg = Release|Any CPU
		{F257EFE3-93A9-43C9-AB1B-F8729453CE98}.Release|Any CPU.Build.0 = Release|Any CPU
	EndGlobalSection
	GlobalSection(SolutionProperties) = preSolution
		HideSolutionNode = FALSE
	EndGlobalSection
	GlobalSection(ExtensibilityGlobals) = postSolution
		SolutionGuid = {0862FC91-F4C8-46BB-A8A1-23FA5BAE0DA3}
	EndGlobalSection
EndGlobal
